
Microsoft Visual Studio Solution File, Format Version 12.00
# Visual Studio Version 17
VisualStudioVersion = 17.5.33103.201
MinimumVisualStudioVersion = 10.0.40219.1
Project("{FAE04EC0-301F-11D3-BF4B-00C04F79EFBC}") = "VSColorOutput", "VSColorOutput\VSColorOutput.csproj", "{802C16C4-6FE5-4842-9AAF-84D4BD93A962}"
EndProject
Project("{FAE04EC0-301F-11D3-BF4B-00C04F79EFBC}") = "VSColorOutput.Tests", "VSColorOutput.Tests\VSColorOutput.Tests.csproj", "{4A1ECFBF-6D1C-49B6-9371-3222DE52006B}"
	ProjectSection(ProjectDependencies) = postProject
		{802C16C4-6FE5-4842-9AAF-84D4BD93A962} = {802C16C4-6FE5-4842-9AAF-84D4BD93A962}
	EndProjectSection
EndProject
Global
	GlobalSection(SolutionConfigurationPlatforms) = preSolution
		Debug|Any CPU = Debug|Any CPU
		Debug|ARM64 = Debug|ARM64
		Release|Any CPU = Release|Any CPU
		Release|ARM64 = Release|ARM64
	EndGlobalSection
	GlobalSection(ProjectConfigurationPlatforms) = postSolution
		{802C16C4-6FE5-4842-9AAF-84D4BD93A962}.Debug|Any CPU.ActiveCfg = Debug|Any CPU
		{802C16C4-6FE5-4842-9AAF-84D4BD93A962}.Debug|Any CPU.Build.0 = Debug|Any CPU
		{802C16C4-6FE5-4842-9AAF-84D4BD93A962}.Debug|ARM64.ActiveCfg = Debug|ARM64
		{802C16C4-6FE5-4842-9AAF-84D4BD93A962}.Debug|ARM64.Build.0 = Debug|ARM64
		{802C16C4-6FE5-4842-9AAF-84D4BD93A962}.Release|Any CPU.ActiveCfg = Release|Any CPU
		{802C16C4-6FE5-4842-9AAF-84D4BD93A962}.Release|Any CPU.Build.0 = Release|Any CPU
		{802C16C4-6FE5-4842-9AAF-84D4BD93A962}.Release|ARM64.ActiveCfg = Release|ARM64
		{802C16C4-6FE5-4842-9AAF-84D4BD93A962}.Release|ARM64.Build.0 = Release|ARM64
		{4A1ECFBF-6D1C-49B6-9371-3222DE52006B}.Debug|Any CPU.ActiveCfg = Debug|Any CPU
		{4A1ECFBF-6D1C-49B6-9371-3222DE52006B}.Debug|Any CPU.Build.0 = Debug|Any CPU
		{4A1ECFBF-6D1C-49B6-9371-3222DE52006B}.Debug|ARM64.ActiveCfg = Debug|ARM64
		{4A1ECFBF-6D1C-49B6-9371-3222DE52006B}.Debug|ARM64.Build.0 = Debug|ARM64
		{4A1ECFBF-6D1C-49B6-9371-3222DE52006B}.Release|Any CPU.ActiveCfg = Release|Any CPU
		{4A1ECFBF-6D1C-49B6-9371-3222DE52006B}.Release|Any CPU.Build.0 = Release|Any CPU
		{4A1ECFBF-6D1C-49B6-9371-3222DE52006B}.Release|ARM64.ActiveCfg = Release|ARM64
		{4A1ECFBF-6D1C-49B6-9371-3222DE52006B}.Release|ARM64.Build.0 = Release|ARM64
	EndGlobalSection
	GlobalSection(SolutionProperties) = preSolution
		HideSolutionNode = FALSE
	EndGlobalSection
	GlobalSection(ExtensibilityGlobals) = postSolution
		SolutionGuid = {781B7370-57CC-46A3-B09F-1CC7FC723A01}
	EndGlobalSection
EndGlobal
